
Microsoft Visual Studio Solution File, Format Version 12.00
# Visual Studio Version 17
VisualStudioVersion = 17.10.34607.79
MinimumVisualStudioVersion = 10.0.40219.1
Project("{9A19103F-16F7-4668-BE54-9A1E7A4F7556}") = "BlazorChatWA", "BlazorChatWA.csproj", "{DA7235B0-C2CF-4B93-B040-5912A7FA08DE}"
EndProject
Global
	GlobalSection(SolutionConfigurationPlatforms) = preSolution
		Debug|Any CPU = Debug|Any CPU
		Release|Any CPU = Release|Any CPU
	EndGlobalSection
	GlobalSection(ProjectConfigurationPlatforms) = postSolution
		{DA7235B0-C2CF-4B93-B040-5912A7FA08DE}.Debug|Any CPU.ActiveCfg = Debug|Any CPU
		{DA7235B0-C2CF-4B93-B040-5912A7FA08DE}.Debug|Any CPU.Build.0 = Debug|Any CPU
		{DA7235B0-C2CF-4B93-B040-5912A7FA08DE}.Release|Any CPU.ActiveCfg = Release|Any CPU
		{DA7235B0-C2CF-4B93-B040-5912A7FA08DE}.Release|Any CPU.Build.0 = Release|Any CPU
	EndGlobalSection
	GlobalSection(SolutionProperties) = preSolution
		HideSolutionNode = FALSE
	EndGlobalSection
	GlobalSection(ExtensibilityGlobals) = postSolution
		SolutionGuid = {CC418EFF-9CD3-4BF2-83BA-92D6E5D211F2}
	EndGlobalSection
EndGlobal
